
Microsoft Visual Studio Solution File, Format Version 12.00
# Visual Studio Version 17
VisualStudioVersion = 17.8.34525.116
MinimumVisualStudioVersion = 10.0.40219.1
Project("{FAE04EC0-301F-11D3-BF4B-00C04F79EFBC}") = "APP.Core", "APP.Core\APP.Core.csproj", "{52913FA7-8A45-4111-976C-B33006250643}"
EndProject
Global
	GlobalSection(SolutionConfigurationPlatforms) = preSolution
		Debug|Any CPU = Debug|Any CPU
		Release|Any CPU = Release|Any CPU
	EndGlobalSection
	GlobalSection(ProjectConfigurationPlatforms) = postSolution
		{52913FA7-8A45-4111-976C-B33006250643}.Debug|Any CPU.ActiveCfg = Debug|Any CPU
		{52913FA7-8A45-4111-976C-B33006250643}.Debug|Any CPU.Build.0 = Debug|Any CPU
		{52913FA7-8A45-4111-976C-B33006250643}.Release|Any CPU.ActiveCfg = Release|Any CPU
		{52913FA7-8A45-4111-976C-B33006250643}.Release|Any CPU.Build.0 = Release|Any CPU
	EndGlobalSection
	GlobalSection(SolutionProperties) = preSolution
		HideSolutionNode = FALSE
	EndGlobalSection
	GlobalSection(ExtensibilityGlobals) = postSolution
		SolutionGuid = {A92A1E70-AE95-4B26-B4D1-B989134C4AA7}
	EndGlobalSection
EndGlobal
